
Microsoft Visual Studio Solution File, Format Version 12.00
# Visual Studio 14
VisualStudioVersion = 14.0.25420.1
MinimumVisualStudioVersion = 10.0.40219.1
Project("{FAE04EC0-301F-11D3-BF4B-00C04F79EFBC}") = "MyConnectionFactory", "MyConnectionFactory\MyConnectionFactory.csproj", "{F4F2CA61-8298-4A2E-8980-F56860F1EBAC}"
EndProject
Project("{FAE04EC0-301F-11D3-BF4B-00C04F79EFBC}") = "DataProviderFactory", "DataProviderFactory\DataProviderFactory.csproj", "{A4D2CD12-FA08-45ED-874F-6E322BBE9D47}"
EndProject
Project("{FAE04EC0-301F-11D3-BF4B-00C04F79EFBC}") = "AutoLotDataReader", "AutoLotDataReader\AutoLotDataReader.csproj", "{28CAFF61-B622-4FB3-8D9A-CF2575155ECA}"
EndProject
Project("{FAE04EC0-301F-11D3-BF4B-00C04F79EFBC}") = "ConnectionObjects", "ConnectionObjects\ConnectionObjects.csproj", "{F057935C-61E0-487B-9F3E-4AF95AA61BBE}"
EndProject
Project("{FAE04EC0-301F-11D3-BF4B-00C04F79EFBC}") = "ConnectionStringBuilderObjects", "ConnectionStringBuilderObjects\ConnectionStringBuilderObjects.csproj", "{40AAF4EF-1242-4C9E-A950-0A1015EDDF00}"
EndProject
Project("{FAE04EC0-301F-11D3-BF4B-00C04F79EFBC}") = "CommandObjects", "CommandObjects\CommandObjects.csproj", "{D026F0A2-0810-457F-8BEF-81BE3E9B004A}"
EndProject
Project("{FAE04EC0-301F-11D3-BF4B-00C04F79EFBC}") = "AutoLotDAL", "AutoLotDAL\AutoLotDAL.csproj", "{2AA7CDC5-E137-408F-B8EF-CFEDC2145D90}"
EndProject
Global
	GlobalSection(SolutionConfigurationPlatforms) = preSolution
		Debug|Any CPU = Debug|Any CPU
		Release|Any CPU = Release|Any CPU
	EndGlobalSection
	GlobalSection(ProjectConfigurationPlatforms) = postSolution
		{F4F2CA61-8298-4A2E-8980-F56860F1EBAC}.Debug|Any CPU.ActiveCfg = Debug|Any CPU
		{F4F2CA61-8298-4A2E-8980-F56860F1EBAC}.Debug|Any CPU.Build.0 = Debug|Any CPU
		{F4F2CA61-8298-4A2E-8980-F56860F1EBAC}.Release|Any CPU.ActiveCfg = Release|Any CPU
		{F4F2CA61-8298-4A2E-8980-F56860F1EBAC}.Release|Any CPU.Build.0 = Release|Any CPU
		{A4D2CD12-FA08-45ED-874F-6E322BBE9D47}.Debug|Any CPU.ActiveCfg = Debug|Any CPU
		{A4D2CD12-FA08-45ED-874F-6E322BBE9D47}.Debug|Any CPU.Build.0 = Debug|Any CPU
		{A4D2CD12-FA08-45ED-874F-6E322BBE9D47}.Release|Any CPU.ActiveCfg = Release|Any CPU
		{A4D2CD12-FA08-45ED-874F-6E322BBE9D47}.Release|Any CPU.Build.0 = Release|Any CPU
		{28CAFF61-B622-4FB3-8D9A-CF2575155ECA}.Debug|Any CPU.ActiveCfg = Debug|Any CPU
		{28CAFF61-B622-4FB3-8D9A-CF2575155ECA}.Debug|Any CPU.Build.0 = Debug|Any CPU
		{28CAFF61-B622-4FB3-8D9A-CF2575155ECA}.Release|Any CPU.ActiveCfg = Release|Any CPU
		{28CAFF61-B622-4FB3-8D9A-CF2575155ECA}.Release|Any CPU.Build.0 = Release|Any CPU
		{F057935C-61E0-487B-9F3E-4AF95AA61BBE}.Debug|Any CPU.ActiveCfg = Debug|Any CPU
		{F057935C-61E0-487B-9F3E-4AF95AA61BBE}.Debug|Any CPU.Build.0 = Debug|Any CPU
		{F057935C-61E0-487B-9F3E-4AF95AA61BBE}.Release|Any CPU.ActiveCfg = Release|Any CPU
		{F057935C-61E0-487B-9F3E-4AF95AA61BBE}.Release|Any CPU.Build.0 = Release|Any CPU
		{40AAF4EF-1242-4C9E-A950-0A1015EDDF00}.Debug|Any CPU.ActiveCfg = Debug|Any CPU
		{40AAF4EF-1242-4C9E-A950-0A1015EDDF00}.Debug|Any CPU.Build.0 = Debug|Any CPU
		{40AAF4EF-1242-4C9E-A950-0A1015EDDF00}.Release|Any CPU.ActiveCfg = Release|Any CPU
		{40AAF4EF-1242-4C9E-A950-0A1015EDDF00}.Release|Any CPU.Build.0 = Release|Any CPU
		{D026F0A2-0810-457F-8BEF-81BE3E9B004A}.Debug|Any CPU.ActiveCfg = Debug|Any CPU
		{D026F0A2-0810-457F-8BEF-81BE3E9B004A}.Debug|Any CPU.Build.0 = Debug|Any CPU
		{D026F0A2-0810-457F-8BEF-81BE3E9B004A}.Release|Any CPU.ActiveCfg = Release|Any CPU
		{D026F0A2-0810-457F-8BEF-81BE3E9B004A}.Release|Any CPU.Build.0 = Release|Any CPU
		{2AA7CDC5-E137-408F-B8EF-CFEDC2145D90}.Debug|Any CPU.ActiveCfg = Debug|Any CPU
		{2AA7CDC5-E137-408F-B8EF-CFEDC2145D90}.Debug|Any CPU.Build.0 = Debug|Any CPU
		{2AA7CDC5-E137-408F-B8EF-CFEDC2145D90}.Release|Any CPU.ActiveCfg = Release|Any CPU
		{2AA7CDC5-E137-408F-B8EF-CFEDC2145D90}.Release|Any CPU.Build.0 = Release|Any CPU
	EndGlobalSection
	GlobalSection(SolutionProperties) = preSolution
		HideSolutionNode = FALSE
	EndGlobalSection
EndGlobal
